
Microsoft Visual Studio Solution File, Format Version 12.00
# Visual Studio Version 16
VisualStudioVersion = 16.0.32126.315
MinimumVisualStudioVersion = 10.0.40219.1
Project("{FAE04EC0-301F-11D3-BF4B-00C04F79EFBC}") = "ECommerce.UI", "ECommerce.UI\ECommerce.UI.csproj", "{439B1913-51E6-4E56-8398-7212215B79C3}"
EndProject
Project("{FAE04EC0-301F-11D3-BF4B-00C04F79EFBC}") = "ECommerce.Business", "ECommerce.Business\ECommerce.Business.csproj", "{71673AF8-BCA4-4E4B-B2D9-F798843CB1B8}"
EndProject
Project("{FAE04EC0-301F-11D3-BF4B-00C04F79EFBC}") = "ECommerce.Core", "ECommerce.Core\ECommerce.Core.csproj", "{029B2651-D99C-4EF8-9546-E8DC6CD5246F}"
EndProject
Project("{FAE04EC0-301F-11D3-BF4B-00C04F79EFBC}") = "ECommerce.Entity", "ECommerce.Entity\ECommerce.Entity.csproj", "{F1629296-F632-41F4-953E-1284D2142141}"
EndProject
Project("{FAE04EC0-301F-11D3-BF4B-00C04F79EFBC}") = "ECommerce.DataAccess", "ECommerce.DataAccess\ECommerce.DataAccess.csproj", "{D8992BDC-389D-42CF-81D6-5B121DA7CEB1}"
EndProject
Global
	GlobalSection(SolutionConfigurationPlatforms) = preSolution
		Debug|Any CPU = Debug|Any CPU
		Release|Any CPU = Release|Any CPU
	EndGlobalSection
	GlobalSection(ProjectConfigurationPlatforms) = postSolution
		{439B1913-51E6-4E56-8398-7212215B79C3}.Debug|Any CPU.ActiveCfg = Debug|Any CPU
		{439B1913-51E6-4E56-8398-7212215B79C3}.Debug|Any CPU.Build.0 = Debug|Any CPU
		{439B1913-51E6-4E56-8398-7212215B79C3}.Release|Any CPU.ActiveCfg = Release|Any CPU
		{439B1913-51E6-4E56-8398-7212215B79C3}.Release|Any CPU.Build.0 = Release|Any CPU
		{71673AF8-BCA4-4E4B-B2D9-F798843CB1B8}.Debug|Any CPU.ActiveCfg = Debug|Any CPU
		{71673AF8-BCA4-4E4B-B2D9-F798843CB1B8}.Debug|Any CPU.Build.0 = Debug|Any CPU
		{71673AF8-BCA4-4E4B-B2D9-F798843CB1B8}.Release|Any CPU.ActiveCfg = Release|Any CPU
		{71673AF8-BCA4-4E4B-B2D9-F798843CB1B8}.Release|Any CPU.Build.0 = Release|Any CPU
		{029B2651-D99C-4EF8-9546-E8DC6CD5246F}.Debug|Any CPU.ActiveCfg = Debug|Any CPU
		{029B2651-D99C-4EF8-9546-E8DC6CD5246F}.Debug|Any CPU.Build.0 = Debug|Any CPU
		{029B2651-D99C-4EF8-9546-E8DC6CD5246F}.Release|Any CPU.ActiveCfg = Release|Any CPU
		{029B2651-D99C-4EF8-9546-E8DC6CD5246F}.Release|Any CPU.Build.0 = Release|Any CPU
		{F1629296-F632-41F4-953E-1284D2142141}.Debug|Any CPU.ActiveCfg = Debug|Any CPU
		{F1629296-F632-41F4-953E-1284D2142141}.Debug|Any CPU.Build.0 = Debug|Any CPU
		{F1629296-F632-41F4-953E-1284D2142141}.Release|Any CPU.ActiveCfg = Release|Any CPU
		{F1629296-F632-41F4-953E-1284D2142141}.Release|Any CPU.Build.0 = Release|Any CPU
		{D8992BDC-389D-42CF-81D6-5B121DA7CEB1}.Debug|Any CPU.ActiveCfg = Debug|Any CPU
		{D8992BDC-389D-42CF-81D6-5B121DA7CEB1}.Debug|Any CPU.Build.0 = Debug|Any CPU
		{D8992BDC-389D-42CF-81D6-5B121DA7CEB1}.Release|Any CPU.ActiveCfg = Release|Any CPU
		{D8992BDC-389D-42CF-81D6-5B121DA7CEB1}.Release|Any CPU.Build.0 = Release|Any CPU
	EndGlobalSection
	GlobalSection(SolutionProperties) = preSolution
		HideSolutionNode = FALSE
	EndGlobalSection
	GlobalSection(ExtensibilityGlobals) = postSolution
		SolutionGuid = {ED371D25-2DC1-4652-A910-4B4446D9B0E3}
	EndGlobalSection
EndGlobal
